{"version":4,"terraform_version":"1.8.1","serial":20,"lineage":"70a0c896-158b-6eac-072a-a55f7e18f31d","outputs":{"instance_public_ip":{"value":"","type":"string"},"subnet_id":{"value":"subnet-0863894b55f3227c1","type":"string"},"vpc_id":{"value":"vpc-03510957d0429a84f","type":"string"}},"resources":[{"mode":"managed","type":"aws_customer_gateway","name":"conor-customer-gateway","provider":"provider[\"registry.opentofu.org/hashicorp/aws\"]","instances":[{"schema_version":0,"attributes":{"arn":"arn:aws:ec2:eu-west-1:115473357299:customer-gateway/cgw-0220231e885792c40","bgp_asn":"65000","certificate_arn":"","device_name":"","id":"cgw-0220231e885792c40","ip_address":"208.67.222.222","tags":{"Name":"conor-customer-gateway"},"tags_all":{"Name":"conor-customer-gateway"},"type":"ipsec.1"},"sensitive_attributes":[],"private":"bnVsbA=="}]},{"mode":"managed","type":"aws_instance","name":"conor-instance","provider":"provider[\"registry.opentofu.org/hashicorp/aws\"]","instances":[{"schema_version":1,"attributes":{"ami":"ami-04e49d62cf88738f1","arn":"arn:aws:ec2:eu-west-1:115473357299:instance/i-0f680400674422115","associate_public_ip_address":false,"availability_zone":"eu-west-1a","capacity_reservation_specification":[{"capacity_reservation_preference":"open","capacity_reservation_target":[]}],"cpu_core_count":1,"cpu_threads_per_core":1,"credit_specification":[{"cpu_credits":"standard"}],"disable_api_termination":false,"ebs_block_device":[],"ebs_optimized":false,"enclave_options":[{"enabled":false}],"ephemeral_block_device":[],"get_password_data":false,"hibernation":false,"host_id":null,"iam_instance_profile":"","id":"i-0f680400674422115","instance_initiated_shutdown_behavior":"stop","instance_state":"running","instance_type":"t2.micro","ipv6_address_count":0,"ipv6_addresses":[],"key_name":"","launch_template":[],"metadata_options":[{"http_endpoint":"enabled","http_put_response_hop_limit":2,"http_tokens":"required","instance_metadata_tags":"disabled"}],"monitoring":false,"network_interface":[],"outpost_arn":"","password_data":"","placement_group":"","placement_partition_number":null,"primary_network_interface_id":"eni-08809161365fcdd16","private_dns":"ip-10-0-1-200.eu-west-1.compute.internal","private_ip":"10.0.1.200","public_dns":"","public_ip":"","root_block_device":[{"delete_on_termination":true,"device_name":"/dev/xvda","encrypted":false,"iops":3000,"kms_key_id":"","tags":{},"throughput":125,"volume_id":"vol-06c73a2c85fc05661","volume_size":8,"volume_type":"gp3"}],"secondary_private_ips":[],"security_groups":["sg-004d7fbcd843fe8af"],"source_dest_check":true,"subnet_id":"subnet-0863894b55f3227c1","tags":{"Name":"conor-VPN-test-instance","Owner":"Shauna-Test-Tag"},"tags_all":{"Name":"conor-VPN-test-instance","Owner":"Shauna-Test-Tag"},"tenancy":"default","timeouts":null,"user_data":null,"user_data_base64":null,"volume_tags":null,"vpc_security_group_ids":["sg-004d7fbcd843fe8af"]},"sensitive_attributes":[],"private":"eyJlMmJmYjczMC1lY2FhLTExZTYtOGY4OC0zNDM2M2JjN2M0YzAiOnsiY3JlYXRlIjo2MDAwMDAwMDAwMDAsImRlbGV0ZSI6MTIwMDAwMDAwMDAwMCwidXBkYXRlIjo2MDAwMDAwMDAwMDB9LCJzY2hlbWFfdmVyc2lvbiI6IjEifQ==","dependencies":["aws_security_group.conor-security-group","aws_subnet.conor-subnet","aws_vpc.conor-VPC"]}]},{"mode":"managed","type":"aws_internet_gateway","name":"conor-internet-gateway","provider":"provider[\"registry.opentofu.org/hashicorp/aws\"]","instances":[{"schema_version":0,"attributes":{"arn":"arn:aws:ec2:eu-west-1:115473357299:internet-gateway/igw-0ffba4f86063161e9","id":"igw-0ffba4f86063161e9","owner_id":"115473357299","tags":{"Name":"conor-igw"},"tags_all":{"Name":"conor-igw"},"vpc_id":"vpc-03510957d0429a84f"},"sensitive_attributes":[],"private":"bnVsbA==","dependencies":["aws_vpc.conor-VPC"]}]},{"mode":"managed","type":"aws_route","name":"vpn_route","provider":"provider[\"registry.opentofu.org/hashicorp/aws\"]","instances":[{"schema_version":0,"attributes":{"carrier_gateway_id":"","destination_cidr_block":"255.255.255.0/24","destination_ipv6_cidr_block":"","destination_prefix_list_id":"","egress_only_gateway_id":"","gateway_id":"vgw-042cf7df94bcd1c98","id":"r-rtb-083ceb6cc3665edbc2114160301","instance_id":"","instance_owner_id":"","local_gateway_id":"","nat_gateway_id":"","network_interface_id":"","origin":"CreateRoute","route_table_id":"rtb-083ceb6cc3665edbc","state":"active","timeouts":null,"transit_gateway_id":"","vpc_endpoint_id":"","vpc_peering_connection_id":""},"sensitive_attributes":[],"private":"eyJlMmJmYjczMC1lY2FhLTExZTYtOGY4OC0zNDM2M2JjN2M0YzAiOnsiY3JlYXRlIjozMDAwMDAwMDAwMDAsImRlbGV0ZSI6MzAwMDAwMDAwMDAwLCJ1cGRhdGUiOjEyMDAwMDAwMDAwMH19","dependencies":["aws_internet_gateway.conor-internet-gateway","aws_route_table.conor-route-table","aws_vpc.conor-VPC","aws_vpn_gateway.conor-vpn-gateway"]}]},{"mode":"managed","type":"aws_route_table","name":"conor-route-table","provider":"provider[\"registry.opentofu.org/hashicorp/aws\"]","instances":[{"schema_version":0,"attributes":{"arn":"arn:aws:ec2:eu-west-1:115473357299:route-table/rtb-083ceb6cc3665edbc","id":"rtb-083ceb6cc3665edbc","owner_id":"115473357299","propagating_vgws":[],"route":[{"carrier_gateway_id":null,"cidr_block":"0.0.0.0/0","destination_prefix_list_id":null,"egress_only_gateway_id":null,"gateway_id":"igw-0ffba4f86063161e9","instance_id":null,"ipv6_cidr_block":null,"local_gateway_id":null,"nat_gateway_id":null,"network_interface_id":null,"transit_gateway_id":null,"vpc_endpoint_id":null,"vpc_peering_connection_id":null}],"tags":{"Name":"conor-route-table"},"tags_all":{"Name":"conor-route-table"},"timeouts":null,"vpc_id":"vpc-03510957d0429a84f"},"sensitive_attributes":[],"private":"eyJlMmJmYjczMC1lY2FhLTExZTYtOGY4OC0zNDM2M2JjN2M0YzAiOnsiY3JlYXRlIjozMDAwMDAwMDAwMDAsImRlbGV0ZSI6MzAwMDAwMDAwMDAwLCJ1cGRhdGUiOjEyMDAwMDAwMDAwMH19","dependencies":["aws_internet_gateway.conor-internet-gateway","aws_vpc.conor-VPC"]}]},{"mode":"managed","type":"aws_route_table_association","name":"conor-route-table-association","provider":"provider[\"registry.opentofu.org/hashicorp/aws\"]","instances":[{"schema_version":0,"attributes":{"gateway_id":"","id":"rtbassoc-0ab315e028d9a6bfe","route_table_id":"rtb-083ceb6cc3665edbc","subnet_id":"subnet-0863894b55f3227c1"},"sensitive_attributes":[],"private":"bnVsbA==","dependencies":["aws_internet_gateway.conor-internet-gateway","aws_route_table.conor-route-table","aws_subnet.conor-subnet","aws_vpc.conor-VPC"]}]},{"mode":"managed","type":"aws_security_group","name":"conor-security-group","provider":"provider[\"registry.opentofu.org/hashicorp/aws\"]","instances":[{"schema_version":1,"attributes":{"arn":"arn:aws:ec2:eu-west-1:115473357299:security-group/sg-004d7fbcd843fe8af","description":"Managed by Terraform","egress":[{"cidr_blocks":["10.0.40.86/32"],"description":"","from_port":0,"ipv6_cidr_blocks":[],"prefix_list_ids":[],"protocol":"-1","security_groups":[],"self":false,"to_port":0}],"id":"sg-004d7fbcd843fe8af","ingress":[{"cidr_blocks":["10.0.40.86/32"],"description":"","from_port":22,"ipv6_cidr_blocks":[],"prefix_list_ids":[],"protocol":"tcp","security_groups":[],"self":false,"to_port":22}],"name":"terraform-20240905095958597500000001","name_prefix":"terraform-","owner_id":"115473357299","revoke_rules_on_delete":false,"tags":{"Name":"conor-security-group"},"tags_all":{"Name":"conor-security-group"},"timeouts":null,"vpc_id":"vpc-03510957d0429a84f"},"sensitive_attributes":[],"private":"eyJlMmJmYjczMC1lY2FhLTExZTYtOGY4OC0zNDM2M2JjN2M0YzAiOnsiY3JlYXRlIjo2MDAwMDAwMDAwMDAsImRlbGV0ZSI6OTAwMDAwMDAwMDAwfSwic2NoZW1hX3ZlcnNpb24iOiIxIn0=","dependencies":["aws_vpc.conor-VPC"]}]},{"mode":"managed","type":"aws_subnet","name":"conor-subnet","provider":"provider[\"registry.opentofu.org/hashicorp/aws\"]","instances":[{"schema_version":1,"attributes":{"arn":"arn:aws:ec2:eu-west-1:115473357299:subnet/subnet-0863894b55f3227c1","assign_ipv6_address_on_creation":false,"availability_zone":"eu-west-1a","availability_zone_id":"euw1-az1","cidr_block":"10.0.1.0/24","customer_owned_ipv4_pool":"","enable_dns64":false,"enable_resource_name_dns_a_record_on_launch":false,"enable_resource_name_dns_aaaa_record_on_launch":false,"id":"subnet-0863894b55f3227c1","ipv6_cidr_block":"","ipv6_cidr_block_association_id":"","ipv6_native":false,"map_customer_owned_ip_on_launch":false,"map_public_ip_on_launch":false,"outpost_arn":"","owner_id":"115473357299","private_dns_hostname_type_on_launch":"ip-name","tags":{"Name":"conor-subnet"},"tags_all":{"Name":"conor-subnet"},"timeouts":null,"vpc_id":"vpc-03510957d0429a84f"},"sensitive_attributes":[],"private":"eyJlMmJmYjczMC1lY2FhLTExZTYtOGY4OC0zNDM2M2JjN2M0YzAiOnsiY3JlYXRlIjo2MDAwMDAwMDAwMDAsImRlbGV0ZSI6MTIwMDAwMDAwMDAwMH0sInNjaGVtYV92ZXJzaW9uIjoiMSJ9","dependencies":["aws_vpc.conor-VPC"]}]},{"mode":"managed","type":"aws_vpc","name":"conor-VPC","provider":"provider[\"registry.opentofu.org/hashicorp/aws\"]","instances":[{"schema_version":1,"attributes":{"arn":"arn:aws:ec2:eu-west-1:115473357299:vpc/vpc-03510957d0429a84f","assign_generated_ipv6_cidr_block":false,"cidr_block":"10.0.0.0/16","default_network_acl_id":"acl-0efabc78204e47e32","default_route_table_id":"rtb-053324fe89047adab","default_security_group_id":"sg-0f5d1badc101b6e94","dhcp_options_id":"dopt-81517ee7","enable_classiclink":false,"enable_classiclink_dns_support":false,"enable_dns_hostnames":false,"enable_dns_support":true,"id":"vpc-03510957d0429a84f","instance_tenancy":"default","ipv4_ipam_pool_id":null,"ipv4_netmask_length":null,"ipv6_association_id":"","ipv6_cidr_block":"","ipv6_cidr_block_network_border_group":"","ipv6_ipam_pool_id":"","ipv6_netmask_length":0,"main_route_table_id":"rtb-053324fe89047adab","owner_id":"115473357299","tags":{"Name":"conor-vpc"},"tags_all":{"Name":"conor-vpc"}},"sensitive_attributes":[],"private":"eyJzY2hlbWFfdmVyc2lvbiI6IjEifQ=="}]},{"mode":"managed","type":"aws_vpn_connection","name":"conor-vpn-connection","provider":"provider[\"registry.opentofu.org/hashicorp/aws\"]","instances":[{"schema_version":0,"attributes":{"arn":"arn:aws:ec2:eu-west-1:115473357299:vpn-connection/vpn-0d2cf9b756518a1a1","customer_gateway_configuration":"\u003c?xml version=\"1.0\" encoding=\"UTF-8\"?\u003e\n\u003cvpn_connection id=\"vpn-0d2cf9b756518a1a1\"\u003e\n  \u003ccustomer_gateway_id\u003ecgw-0220231e885792c40\u003c/customer_gateway_id\u003e\n  \u003cvpn_gateway_id\u003evgw-042cf7df94bcd1c98\u003c/vpn_gateway_id\u003e\n  \u003cvpn_connection_type\u003eipsec.1\u003c/vpn_connection_type\u003e\n  \u003cvpn_connection_attributes\u003eNoBGPVPNConnection\u003c/vpn_connection_attributes\u003e\n  \u003cipsec_tunnel\u003e\n    \u003ccustomer_gateway\u003e\n      \u003ctunnel_outside_address\u003e\n        \u003cip_address\u003e208.67.222.222\u003c/ip_address\u003e\n      \u003c/tunnel_outside_address\u003e\n      \u003ctunnel_inside_address\u003e\n        \u003cip_address\u003e169.254.119.238\u003c/ip_address\u003e\n        \u003cnetwork_mask\u003e255.255.255.252\u003c/network_mask\u003e\n        \u003cnetwork_cidr\u003e30\u003c/network_cidr\u003e\n      \u003c/tunnel_inside_address\u003e\n    \u003c/customer_gateway\u003e\n    \u003cvpn_gateway\u003e\n      \u003ctunnel_outside_address\u003e\n        \u003cip_address\u003e54.76.191.90\u003c/ip_address\u003e\n      \u003c/tunnel_outside_address\u003e\n      \u003ctunnel_inside_address\u003e\n        \u003cip_address\u003e169.254.119.237\u003c/ip_address\u003e\n        \u003cnetwork_mask\u003e255.255.255.252\u003c/network_mask\u003e\n        \u003cnetwork_cidr\u003e30\u003c/network_cidr\u003e\n      \u003c/tunnel_inside_address\u003e\n    \u003c/vpn_gateway\u003e\n    \u003cike\u003e\n      \u003cauthentication_protocol\u003esha1\u003c/authentication_protocol\u003e\n      \u003cencryption_protocol\u003eaes-128-cbc\u003c/encryption_protocol\u003e\n      \u003clifetime\u003e28800\u003c/lifetime\u003e\n      \u003cperfect_forward_secrecy\u003egroup2\u003c/perfect_forward_secrecy\u003e\n      \u003cmode\u003emain\u003c/mode\u003e\n      \u003cpre_shared_key\u003eL9ohDYmyRdOo.ghpDlg5ZckLDXP5BMzi\u003c/pre_shared_key\u003e\n    \u003c/ike\u003e\n    \u003cipsec\u003e\n      \u003cprotocol\u003eesp\u003c/protocol\u003e\n      \u003cauthentication_protocol\u003ehmac-sha1-96\u003c/authentication_protocol\u003e\n      \u003cencryption_protocol\u003eaes-128-cbc\u003c/encryption_protocol\u003e\n      \u003clifetime\u003e3600\u003c/lifetime\u003e\n      \u003cperfect_forward_secrecy\u003egroup2\u003c/perfect_forward_secrecy\u003e\n      \u003cmode\u003etunnel\u003c/mode\u003e\n      \u003cclear_df_bit\u003etrue\u003c/clear_df_bit\u003e\n      \u003cfragmentation_before_encryption\u003etrue\u003c/fragmentation_before_encryption\u003e\n      \u003ctcp_mss_adjustment\u003e1379\u003c/tcp_mss_adjustment\u003e\n      \u003cdead_peer_detection\u003e\n        \u003cinterval\u003e10\u003c/interval\u003e\n        \u003cretries\u003e3\u003c/retries\u003e\n      \u003c/dead_peer_detection\u003e\n    \u003c/ipsec\u003e\n  \u003c/ipsec_tunnel\u003e\n  \u003cipsec_tunnel\u003e\n    \u003ccustomer_gateway\u003e\n      \u003ctunnel_outside_address\u003e\n        \u003cip_address\u003e208.67.222.222\u003c/ip_address\u003e\n      \u003c/tunnel_outside_address\u003e\n      \u003ctunnel_inside_address\u003e\n        \u003cip_address\u003e169.254.181.222\u003c/ip_address\u003e\n        \u003cnetwork_mask\u003e255.255.255.252\u003c/network_mask\u003e\n        \u003cnetwork_cidr\u003e30\u003c/network_cidr\u003e\n      \u003c/tunnel_inside_address\u003e\n    \u003c/customer_gateway\u003e\n    \u003cvpn_gateway\u003e\n      \u003ctunnel_outside_address\u003e\n        \u003cip_address\u003e54.195.18.126\u003c/ip_address\u003e\n      \u003c/tunnel_outside_address\u003e\n      \u003ctunnel_inside_address\u003e\n        \u003cip_address\u003e169.254.181.221\u003c/ip_address\u003e\n        \u003cnetwork_mask\u003e255.255.255.252\u003c/network_mask\u003e\n        \u003cnetwork_cidr\u003e30\u003c/network_cidr\u003e\n      \u003c/tunnel_inside_address\u003e\n    \u003c/vpn_gateway\u003e\n    \u003cike\u003e\n      \u003cauthentication_protocol\u003esha1\u003c/authentication_protocol\u003e\n      \u003cencryption_protocol\u003eaes-128-cbc\u003c/encryption_protocol\u003e\n      \u003clifetime\u003e28800\u003c/lifetime\u003e\n      \u003cperfect_forward_secrecy\u003egroup2\u003c/perfect_forward_secrecy\u003e\n      \u003cmode\u003emain\u003c/mode\u003e\n      \u003cpre_shared_key\u003eTMxGtg02AtK2gBKbFTid6lsx0sCKP5Hk\u003c/pre_shared_key\u003e\n    \u003c/ike\u003e\n    \u003cipsec\u003e\n      \u003cprotocol\u003eesp\u003c/protocol\u003e\n      \u003cauthentication_protocol\u003ehmac-sha1-96\u003c/authentication_protocol\u003e\n      \u003cencryption_protocol\u003eaes-128-cbc\u003c/encryption_protocol\u003e\n      \u003clifetime\u003e3600\u003c/lifetime\u003e\n      \u003cperfect_forward_secrecy\u003egroup2\u003c/perfect_forward_secrecy\u003e\n      \u003cmode\u003etunnel\u003c/mode\u003e\n      \u003cclear_df_bit\u003etrue\u003c/clear_df_bit\u003e\n      \u003cfragmentation_before_encryption\u003etrue\u003c/fragmentation_before_encryption\u003e\n      \u003ctcp_mss_adjustment\u003e1379\u003c/tcp_mss_adjustment\u003e\n      \u003cdead_peer_detection\u003e\n        \u003cinterval\u003e10\u003c/interval\u003e\n        \u003cretries\u003e3\u003c/retries\u003e\n      \u003c/dead_peer_detection\u003e\n    \u003c/ipsec\u003e\n  \u003c/ipsec_tunnel\u003e\n\u003c/vpn_connection\u003e\n","customer_gateway_id":"cgw-0220231e885792c40","enable_acceleration":false,"id":"vpn-0d2cf9b756518a1a1","local_ipv4_network_cidr":"0.0.0.0/0","local_ipv6_network_cidr":"","remote_ipv4_network_cidr":"0.0.0.0/0","remote_ipv6_network_cidr":"","routes":[{"destination_cidr_block":"10.0.40.0/24","source":"","state":"available"}],"static_routes_only":true,"tags":{"Name":"conor-vpn-connection"},"tags_all":{"Name":"conor-vpn-connection"},"transit_gateway_attachment_id":"","transit_gateway_id":"","tunnel1_address":"54.76.191.90","tunnel1_bgp_asn":"","tunnel1_bgp_holdtime":0,"tunnel1_cgw_inside_address":"169.254.119.238","tunnel1_dpd_timeout_action":"","tunnel1_dpd_timeout_seconds":0,"tunnel1_ike_versions":[],"tunnel1_inside_cidr":"169.254.119.236/30","tunnel1_inside_ipv6_cidr":"","tunnel1_phase1_dh_group_numbers":[],"tunnel1_phase1_encryption_algorithms":[],"tunnel1_phase1_integrity_algorithms":[],"tunnel1_phase1_lifetime_seconds":0,"tunnel1_phase2_dh_group_numbers":[],"tunnel1_phase2_encryption_algorithms":[],"tunnel1_phase2_integrity_algorithms":[],"tunnel1_phase2_lifetime_seconds":0,"tunnel1_preshared_key":"L9ohDYmyRdOo.ghpDlg5ZckLDXP5BMzi","tunnel1_rekey_fuzz_percentage":0,"tunnel1_rekey_margin_time_seconds":0,"tunnel1_replay_window_size":0,"tunnel1_startup_action":"","tunnel1_vgw_inside_address":"169.254.119.237","tunnel2_address":"54.195.18.126","tunnel2_bgp_asn":"","tunnel2_bgp_holdtime":0,"tunnel2_cgw_inside_address":"169.254.181.222","tunnel2_dpd_timeout_action":"","tunnel2_dpd_timeout_seconds":0,"tunnel2_ike_versions":[],"tunnel2_inside_cidr":"169.254.181.220/30","tunnel2_inside_ipv6_cidr":"","tunnel2_phase1_dh_group_numbers":[],"tunnel2_phase1_encryption_algorithms":[],"tunnel2_phase1_integrity_algorithms":[],"tunnel2_phase1_lifetime_seconds":0,"tunnel2_phase2_dh_group_numbers":[],"tunnel2_phase2_encryption_algorithms":[],"tunnel2_phase2_integrity_algorithms":[],"tunnel2_phase2_lifetime_seconds":0,"tunnel2_preshared_key":"TMxGtg02AtK2gBKbFTid6lsx0sCKP5Hk","tunnel2_rekey_fuzz_percentage":0,"tunnel2_rekey_margin_time_seconds":0,"tunnel2_replay_window_size":0,"tunnel2_startup_action":"","tunnel2_vgw_inside_address":"169.254.181.221","tunnel_inside_ip_version":"ipv4","type":"ipsec.1","vgw_telemetry":[{"accepted_route_count":1,"certificate_arn":"","last_status_change":"2024-09-05T10:02:53Z","outside_ip_address":"54.195.18.126","status":"DOWN","status_message":""},{"accepted_route_count":1,"certificate_arn":"","last_status_change":"2024-09-05T10:02:53Z","outside_ip_address":"54.76.191.90","status":"DOWN","status_message":""}],"vpn_gateway_id":"vgw-042cf7df94bcd1c98"},"sensitive_attributes":[[{"type":"get_attr","value":"tunnel2_preshared_key"}],[{"type":"get_attr","value":"tunnel1_preshared_key"}]],"private":"bnVsbA==","dependencies":["aws_customer_gateway.conor-customer-gateway","aws_vpc.conor-VPC","aws_vpn_gateway.conor-vpn-gateway"]}]},{"mode":"managed","type":"aws_vpn_connection_route","name":"conor-vpn-route","provider":"provider[\"registry.opentofu.org/hashicorp/aws\"]","instances":[{"schema_version":0,"attributes":{"destination_cidr_block":"10.0.40.0/24","id":"10.0.40.0/24:vpn-0d2cf9b756518a1a1","vpn_connection_id":"vpn-0d2cf9b756518a1a1"},"sensitive_attributes":[],"private":"bnVsbA==","dependencies":["aws_customer_gateway.conor-customer-gateway","aws_vpc.conor-VPC","aws_vpn_connection.conor-vpn-connection","aws_vpn_gateway.conor-vpn-gateway"]}]},{"mode":"managed","type":"aws_vpn_gateway","name":"conor-vpn-gateway","provider":"provider[\"registry.opentofu.org/hashicorp/aws\"]","instances":[{"schema_version":0,"attributes":{"amazon_side_asn":"64512","arn":"arn:aws:ec2:eu-west-1:115473357299:vpn-gateway/vgw-042cf7df94bcd1c98","availability_zone":null,"id":"vgw-042cf7df94bcd1c98","tags":{"Name":"conor-vpn-gateway"},"tags_all":{"Name":"conor-vpn-gateway"},"vpc_id":"vpc-03510957d0429a84f"},"sensitive_attributes":[],"private":"bnVsbA==","dependencies":["aws_vpc.conor-VPC"]}]},{"mode":"managed","type":"aws_vpn_gateway_attachment","name":"conor-vpn-gateway-attachment","provider":"provider[\"registry.opentofu.org/hashicorp/aws\"]","instances":[{"schema_version":0,"attributes":{"id":"vpn-attachment-1cdbff18","vpc_id":"vpc-03510957d0429a84f","vpn_gateway_id":"vgw-042cf7df94bcd1c98"},"sensitive_attributes":[],"private":"bnVsbA==","dependencies":["aws_vpc.conor-VPC","aws_vpn_gateway.conor-vpn-gateway"]}]}],"check_results":null}
